// !$*UTF8*$!
{
	archiveVersion = 1;
	classes = {
	};
	objectVersion = 52;
	objects = {

/* Begin PBXBuildFile section */
		A56C4713269A088A00F2A65D /* KeybowJitsiApp.swift in Sources */ = {isa = PBXBuildFile; fileRef = A56C4712269A088A00F2A65D /* KeybowJitsiApp.swift */; };
		A56C4715269A088A00F2A65D /* ContentView.swift in Sources */ = {isa = PBXBuildFile; fileRef = A56C4714269A088A00F2A65D /* ContentView.swift */; };
		A56C4717269A088B00F2A65D /* Assets.xcassets in Resources */ = {isa = PBXBuildFile; fileRef = A56C4716269A088B00F2A65D /* Assets.xcassets */; };
		A56C471A269A088B00F2A65D /* Preview Assets.xcassets in Resources */ = {isa = PBXBuildFile; fileRef = A56C4719269A088B00F2A65D /* Preview Assets.xcassets */; };
		A56C4723269A08B000F2A65D /* JitsiApp.swift in Sources */ = {isa = PBXBuildFile; fileRef = A56C4722269A08B000F2A65D /* JitsiApp.swift */; };
		A56C4725269A111B00F2A65D /* KeybowListener.swift in Sources */ = {isa = PBXBuildFile; fileRef = A56C4724269A111B00F2A65D /* KeybowListener.swift */; };
		A56C4727269A21AE00F2A65D /* KeybowHIDListener.swift in Sources */ = {isa = PBXBuildFile; fileRef = A56C4726269A21AE00F2A65D /* KeybowHIDListener.swift */; };
		A56C472A269A21E900F2A65D /* ORSSerial in Frameworks */ = {isa = PBXBuildFile; productRef = A56C4729269A21E900F2A65D /* ORSSerial */; };
/* End PBXBuildFile section */

/* Begin PBXFileReference section */
		A56C470F269A088A00F2A65D /* JitsiKeybow.app */ = {isa = PBXFileReference; explicitFileType = wrapper.application; includeInIndex = 0; path = JitsiKeybow.app; sourceTree = BUILT_PRODUCTS_DIR; };
		A56C4712269A088A00F2A65D /* KeybowJitsiApp.swift */ = {isa = PBXFileReference; lastKnownFileType = sourcecode.swift; path = KeybowJitsiApp.swift; sourceTree = "<group>"; };
		A56C4714269A088A00F2A65D /* ContentView.swift */ = {isa = PBXFileReference; lastKnownFileType = sourcecode.swift; path = ContentView.swift; sourceTree = "<group>"; };
		A56C4716269A088B00F2A65D /* Assets.xcassets */ = {isa = PBXFileReference; lastKnownFileType = folder.assetcatalog; path = Assets.xcassets; sourceTree = "<group>"; };
		A56C4719269A088B00F2A65D /* Preview Assets.xcassets */ = {isa = PBXFileReference; lastKnownFileType = folder.assetcatalog; path = "Preview Assets.xcassets"; sourceTree = "<group>"; };
		A56C471B269A088B00F2A65D /* Info.plist */ = {isa = PBXFileReference; lastKnownFileType = text.plist.xml; path = Info.plist; sourceTree = "<group>"; };
		A56C4722269A08B000F2A65D /* JitsiApp.swift */ = {isa = PBXFileReference; lastKnownFileType = sourcecode.swift; path = JitsiApp.swift; sourceTree = "<group>"; };
		A56C4724269A111B00F2A65D /* KeybowListener.swift */ = {isa = PBXFileReference; lastKnownFileType = sourcecode.swift; path = KeybowListener.swift; sourceTree = "<group>"; };
		A56C4726269A21AE00F2A65D /* KeybowHIDListener.swift */ = {isa = PBXFileReference; lastKnownFileType = sourcecode.swift; path = KeybowHIDListener.swift; sourceTree = "<group>"; };
/* End PBXFileReference section */

/* Begin PBXFrameworksBuildPhase section */
		A56C470C269A088A00F2A65D /* Frameworks */ = {
			isa = PBXFrameworksBuildPhase;
			buildActionMask = 2147483647;
			files = (
				A56C472A269A21E900F2A65D /* ORSSerial in Frameworks */,
			);
			runOnlyForDeploymentPostprocessing = 0;
		};
/* End PBXFrameworksBuildPhase section */

/* Begin PBXGroup section */
		A56C4706269A088A00F2A65D = {
			isa = PBXGroup;
			children = (
				A56C4711269A088A00F2A65D /* Sources */,
				A57ACBD8269AECE900EF3B02 /* Resources */,
				A56C4718269A088B00F2A65D /* Preview Content */,
				A56C4710269A088A00F2A65D /* Products */,
			);
			sourceTree = "<group>";
		};
		A56C4710269A088A00F2A65D /* Products */ = {
			isa = PBXGroup;
			children = (
				A56C470F269A088A00F2A65D /* JitsiKeybow.app */,
			);
			name = Products;
			sourceTree = "<group>";
		};
		A56C4711269A088A00F2A65D /* Sources */ = {
			isa = PBXGroup;
			children = (
				A56C4712269A088A00F2A65D /* KeybowJitsiApp.swift */,
				A56C4714269A088A00F2A65D /* ContentView.swift */,
				A56C4722269A08B000F2A65D /* JitsiApp.swift */,
				A56C4724269A111B00F2A65D /* KeybowListener.swift */,
				A56C4726269A21AE00F2A65D /* KeybowHIDListener.swift */,
			);
			path = Sources;
			sourceTree = "<group>";
		};
		A56C4718269A088B00F2A65D /* Preview Content */ = {
			isa = PBXGroup;
			children = (
				A56C4719269A088B00F2A65D /* Preview Assets.xcassets */,
			);
			path = "Preview Content";
			sourceTree = "<group>";
		};
		A57ACBD8269AECE900EF3B02 /* Resources */ = {
			isa = PBXGroup;
			children = (
				A56C4716269A088B00F2A65D /* Assets.xcassets */,
				A56C471B269A088B00F2A65D /* Info.plist */,
			);
			path = Resources;
			sourceTree = "<group>";
		};
/* End PBXGroup section */

/* Begin PBXNativeTarget section */
		A56C470E269A088A00F2A65D /* JitsiKeybow */ = {
			isa = PBXNativeTarget;
			buildConfigurationList = A56C471F269A088B00F2A65D /* Build configuration list for PBXNativeTarget "JitsiKeybow" */;
			buildPhases = (
				A56C470B269A088A00F2A65D /* Sources */,
				A56C470C269A088A00F2A65D /* Frameworks */,
				A56C470D269A088A00F2A65D /* Resources */,
			);
			buildRules = (
			);
			dependencies = (
			);
			name = JitsiKeybow;
			packageProductDependencies = (
				A56C4729269A21E900F2A65D /* ORSSerial */,
			);
			productName = KeybowJitsi;
			productReference = A56C470F269A088A00F2A65D /* JitsiKeybow.app */;
			productType = "com.apple.product-type.application";
		};
/* End PBXNativeTarget section */

/* Begin PBXProject section */
		A56C4707269A088A00F2A65D /* Project object */ = {
			isa = PBXProject;
			attributes = {
				LastSwiftUpdateCheck = 1250;
				LastUpgradeCheck = 1250;
				TargetAttributes = {
					A56C470E269A088A00F2A65D = {
						CreatedOnToolsVersion = 12.5.1;
					};
				};
			};
			buildConfigurationList = A56C470A269A088A00F2A65D /* Build configuration list for PBXProject "JitsiKeybow" */;
			compatibilityVersion = "Xcode 9.3";
			developmentRegion = en;
			hasScannedForEncodings = 0;
			knownRegions = (
				en,
				Base,
			);
			mainGroup = A56C4706269A088A00F2A65D;
			packageReferences = (
				A56C4728269A21E900F2A65D /* XCRemoteSwiftPackageReference "ORSSerialPort" */,
			);
			productRefGroup = A56C4710269A088A00F2A65D /* Products */;
			projectDirPath = "";
			projectRoot = "";
			targets = (
				A56C470E269A088A00F2A65D /* JitsiKeybow */,
			);
		};
/* End PBXProject section */

/* Begin PBXResourcesBuildPhase section */
		A56C470D269A088A00F2A65D /* Resources */ = {
			isa = PBXResourcesBuildPhase;
			buildActionMask = 2147483647;
			files = (
				A56C471A269A088B00F2A65D /* Preview Assets.xcassets in Resources */,
				A56C4717269A088B00F2A65D /* Assets.xcassets in Resources */,
			);
			runOnlyForDeploymentPostprocessing = 0;
		};
/* End PBXResourcesBuildPhase section */

/* Begin PBXSourcesBuildPhase section */
		A56C470B269A088A00F2A65D /* Sources */ = {
			isa = PBXSourcesBuildPhase;
			buildActionMask = 2147483647;
			files = (
				A56C4715269A088A00F2A65D /* ContentView.swift in Sources */,
				A56C4713269A088A00F2A65D /* KeybowJitsiApp.swift in Sources */,
				A56C4727269A21AE00F2A65D /* KeybowHIDListener.swift in Sources */,
				A56C4725269A111B00F2A65D /* KeybowListener.swift in Sources */,
				A56C4723269A08B000F2A65D /* JitsiApp.swift in Sources */,
			);
			runOnlyForDeploymentPostprocessing = 0;
		};
/* End PBXSourcesBuildPhase section */

/* Begin XCBuildConfiguration section */
		A56C471D269A088B00F2A65D /* Debug */ = {
			isa = XCBuildConfiguration;
			buildSettings = {
				ALWAYS_SEARCH_USER_PATHS = NO;
				CLANG_ANALYZER_NONNULL = YES;
				CLANG_ANALYZER_NUMBER_OBJECT_CONVERSION = YES_AGGRESSIVE;
				CLANG_CXX_LANGUAGE_STANDARD = "gnu++14";
				CLANG_CXX_LIBRARY = "libc++";
				CLANG_ENABLE_MODULES = YES;
				CLANG_ENABLE_OBJC_ARC = YES;
				CLANG_ENABLE_OBJC_WEAK = YES;
				CLANG_WARN_BLOCK_CAPTURE_AUTORELEASING = YES;
				CLANG_WARN_BOOL_CONVERSION = YES;
				CLANG_WARN_COMMA = YES;
				CLANG_WARN_CONSTANT_CONVERSION = YES;
				CLANG_WARN_DEPRECATED_OBJC_IMPLEMENTATIONS = YES;
				CLANG_WARN_DIRECT_OBJC_ISA_USAGE = YES_ERROR;
				CLANG_WARN_DOCUMENTATION_COMMENTS = YES;
				CLANG_WARN_EMPTY_BODY = YES;
				CLANG_WARN_ENUM_CONVERSION = YES;
				CLANG_WARN_INFINITE_RECURSION = YES;
				CLANG_WARN_INT_CONVERSION = YES;
				CLANG_WARN_NON_LITERAL_NULL_CONVERSION = YES;
				CLANG_WARN_OBJC_IMPLICIT_RETAIN_SELF = YES;
				CLANG_WARN_OBJC_LITERAL_CONVERSION = YES;
				CLANG_WARN_OBJC_ROOT_CLASS = YES_ERROR;
				CLANG_WARN_QUOTED_INCLUDE_IN_FRAMEWORK_HEADER = YES;
				CLANG_WARN_RANGE_LOOP_ANALYSIS = YES;
				CLANG_WARN_STRICT_PROTOTYPES = YES;
				CLANG_WARN_SUSPICIOUS_MOVE = YES;
				CLANG_WARN_UNGUARDED_AVAILABILITY = YES_AGGRESSIVE;
				CLANG_WARN_UNREACHABLE_CODE = YES;
				CLANG_WARN__DUPLICATE_METHOD_MATCH = YES;
				COPY_PHASE_STRIP = NO;
				DEBUG_INFORMATION_FORMAT = dwarf;
				ENABLE_STRICT_OBJC_MSGSEND = YES;
				ENABLE_TESTABILITY = YES;
				GCC_C_LANGUAGE_STANDARD = gnu11;
				GCC_DYNAMIC_NO_PIC = NO;
				GCC_NO_COMMON_BLOCKS = YES;
				GCC_OPTIMIZATION_LEVEL = 0;
				GCC_PREPROCESSOR_DEFINITIONS = (
					"DEBUG=1",
					"$(inherited)",
				);
				GCC_WARN_64_TO_32_BIT_CONVERSION = YES;
				GCC_WARN_ABOUT_RETURN_TYPE = YES_ERROR;
				GCC_WARN_UNDECLARED_SELECTOR = YES;
				GCC_WARN_UNINITIALIZED_AUTOS = YES_AGGRESSIVE;
				GCC_WARN_UNUSED_FUNCTION = YES;
				GCC_WARN_UNUSED_VARIABLE = YES;
				MACOSX_DEPLOYMENT_TARGET = 11.3;
				MTL_ENABLE_DEBUG_INFO = INCLUDE_SOURCE;
				MTL_FAST_MATH = YES;
				ONLY_ACTIVE_ARCH = YES;
				SDKROOT = macosx;
				SWIFT_ACTIVE_COMPILATION_CONDITIONS = DEBUG;
				SWIFT_OPTIMIZATION_LEVEL = "-Onone";
			};
			name = Debug;
		};
		A56C471E269A088B00F2A65D /* Release */ = {
			isa = XCBuildConfiguration;
			buildSettings = {
				ALWAYS_SEARCH_USER_PATHS = NO;
				CLANG_ANALYZER_NONNULL = YES;
				CLANG_ANALYZER_NUMBER_OBJECT_CONVERSION = YES_AGGRESSIVE;
				CLANG_CXX_LANGUAGE_STANDARD = "gnu++14";
				CLANG_CXX_LIBRARY = "libc++";
				CLANG_ENABLE_MODULES = YES;
				CLANG_ENABLE_OBJC_ARC = YES;
				CLANG_ENABLE_OBJC_WEAK = YES;
				CLANG_WARN_BLOCK_CAPTURE_AUTORELEASING = YES;
				CLANG_WARN_BOOL_CONVERSION = YES;
				CLANG_WARN_COMMA = YES;
				CLANG_WARN_CONSTANT_CONVERSION = YES;
				CLANG_WARN_DEPRECATED_OBJC_IMPLEMENTATIONS = YES;
				CLANG_WARN_DIRECT_OBJC_ISA_USAGE = YES_ERROR;
				CLANG_WARN_DOCUMENTATION_COMMENTS = YES;
				CLANG_WARN_EMPTY_BODY = YES;
				CLANG_WARN_ENUM_CONVERSION = YES;
				CLANG_WARN_INFINITE_RECURSION = YES;
				CLANG_WARN_INT_CONVERSION = YES;
				CLANG_WARN_NON_LITERAL_NULL_CONVERSION = YES;
				CLANG_WARN_OBJC_IMPLICIT_RETAIN_SELF = YES;
				CLANG_WARN_OBJC_LITERAL_CONVERSION = YES;
				CLANG_WARN_OBJC_ROOT_CLASS = YES_ERROR;
				CLANG_WARN_QUOTED_INCLUDE_IN_FRAMEWORK_HEADER = YES;
				CLANG_WARN_RANGE_LOOP_ANALYSIS = YES;
				CLANG_WARN_STRICT_PROTOTYPES = YES;
				CLANG_WARN_SUSPICIOUS_MOVE = YES;
				CLANG_WARN_UNGUARDED_AVAILABILITY = YES_AGGRESSIVE;
				CLANG_WARN_UNREACHABLE_CODE = YES;
				CLANG_WARN__DUPLICATE_METHOD_MATCH = YES;
				COPY_PHASE_STRIP = NO;
				DEBUG_INFORMATION_FORMAT = "dwarf-with-dsym";
				ENABLE_NS_ASSERTIONS = NO;
				ENABLE_STRICT_OBJC_MSGSEND = YES;
				GCC_C_LANGUAGE_STANDARD = gnu11;
				GCC_NO_COMMON_BLOCKS = YES;
				GCC_WARN_64_TO_32_BIT_CONVERSION = YES;
				GCC_WARN_ABOUT_RETURN_TYPE = YES_ERROR;
				GCC_WARN_UNDECLARED_SELECTOR = YES;
				GCC_WARN_UNINITIALIZED_AUTOS = YES_AGGRESSIVE;
				GCC_WARN_UNUSED_FUNCTION = YES;
				GCC_WARN_UNUSED_VARIABLE = YES;
				MACOSX_DEPLOYMENT_TARGET = 11.3;
				MTL_ENABLE_DEBUG_INFO = NO;
				MTL_FAST_MATH = YES;
				SDKROOT = macosx;
				SWIFT_COMPILATION_MODE = wholemodule;
				SWIFT_OPTIMIZATION_LEVEL = "-O";
			};
			name = Release;
		};
		A56C4720269A088B00F2A65D /* Debug */ = {
			isa = XCBuildConfiguration;
			buildSettings = {
				ASSETCATALOG_COMPILER_APPICON_NAME = AppIcon;
				ASSETCATALOG_COMPILER_GLOBAL_ACCENT_COLOR_NAME = AccentColor;
				CODE_SIGN_STYLE = Automatic;
				COMBINE_HIDPI_IMAGES = YES;
				DEVELOPMENT_ASSET_PATHS = "\"Preview Content\"";
				DEVELOPMENT_TEAM = NU8A5Y875P;
				ENABLE_HARDENED_RUNTIME = NO;
				ENABLE_PREVIEWS = YES;
				INFOPLIST_FILE = Resources/Info.plist;
				LD_RUNPATH_SEARCH_PATHS = (
					"$(inherited)",
					"@executable_path/../Frameworks",
				);
				MACOSX_DEPLOYMENT_TARGET = 11.0;
				PRODUCT_BUNDLE_IDENTIFIER = uk.pixlwave.JitsiKeybow;
				PRODUCT_NAME = "$(TARGET_NAME)";
				SWIFT_VERSION = 5.0;
			};
			name = Debug;
		};
		A56C4721269A088B00F2A65D /* Release */ = {
			isa = XCBuildConfiguration;
			buildSettings = {
				ASSETCATALOG_COMPILER_APPICON_NAME = AppIcon;
				ASSETCATALOG_COMPILER_GLOBAL_ACCENT_COLOR_NAME = AccentColor;
				CODE_SIGN_STYLE = Automatic;
				COMBINE_HIDPI_IMAGES = YES;
				DEVELOPMENT_ASSET_PATHS = "\"Preview Content\"";
				DEVELOPMENT_TEAM = NU8A5Y875P;
				ENABLE_HARDENED_RUNTIME = NO;
				ENABLE_PREVIEWS = YES;
				INFOPLIST_FILE = Resources/Info.plist;
				LD_RUNPATH_SEARCH_PATHS = (
					"$(inherited)",
					"@executable_path/../Frameworks",
				);
				MACOSX_DEPLOYMENT_TARGET = 11.0;
				PRODUCT_BUNDLE_IDENTIFIER = uk.pixlwave.JitsiKeybow;
				PRODUCT_NAME = "$(TARGET_NAME)";
				SWIFT_VERSION = 5.0;
			};
			name = Release;
		};
/* End XCBuildConfiguration section */

/* Begin XCConfigurationList section */
		A56C470A269A088A00F2A65D /* Build configuration list for PBXProject "JitsiKeybow" */ = {
			isa = XCConfigurationList;
			buildConfigurations = (
				A56C471D269A088B00F2A65D /* Debug */,
				A56C471E269A088B00F2A65D /* Release */,
			);
			defaultConfigurationIsVisible = 0;
			defaultConfigurationName = Release;
		};
		A56C471F269A088B00F2A65D /* Build configuration list for PBXNativeTarget "JitsiKeybow" */ = {
			isa = XCConfigurationList;
			buildConfigurations = (
				A56C4720269A088B00F2A65D /* Debug */,
				A56C4721269A088B00F2A65D /* Release */,
			);
			defaultConfigurationIsVisible = 0;
			defaultConfigurationName = Release;
		};
/* End XCConfigurationList section */

/* Begin XCRemoteSwiftPackageReference section */
		A56C4728269A21E900F2A65D /* XCRemoteSwiftPackageReference "ORSSerialPort" */ = {
			isa = XCRemoteSwiftPackageReference;
			repositoryURL = "https://github.com/armadsen/ORSSerialPort";
			requirement = {
				kind = upToNextMajorVersion;
				minimumVersion = 2.1.0;
			};
		};
/* End XCRemoteSwiftPackageReference section */

/* Begin XCSwiftPackageProductDependency section */
		A56C4729269A21E900F2A65D /* ORSSerial */ = {
			isa = XCSwiftPackageProductDependency;
			package = A56C4728269A21E900F2A65D /* XCRemoteSwiftPackageReference "ORSSerialPort" */;
			productName = ORSSerial;
		};
/* End XCSwiftPackageProductDependency section */
	};
	rootObject = A56C4707269A088A00F2A65D /* Project object */;
}
